
Microsoft Visual Studio Solution File, Format Version 12.00
# Visual Studio Version 17
VisualStudioVersion = 17.14.36616.10 d17.14
MinimumVisualStudioVersion = 10.0.40219.1
Project("{FAE04EC0-301F-11D3-BF4B-00C04F79EFBC}") = "WebBanSach", "WebBanSach\WebBanSach.csproj", "{78FEB97D-2EB8-4065-AECA-3F461DA94848}"
EndProject
Global
	GlobalSection(SolutionConfigurationPlatforms) = preSolution
		Debug|Any CPU = Debug|Any CPU
		Release|Any CPU = Release|Any CPU
	EndGlobalSection
	GlobalSection(ProjectConfigurationPlatforms) = postSolution
		{78FEB97D-2EB8-4065-AECA-3F461DA94848}.Debug|Any CPU.ActiveCfg = Debug|Any CPU
		{78FEB97D-2EB8-4065-AECA-3F461DA94848}.Debug|Any CPU.Build.0 = Debug|Any CPU
		{78FEB97D-2EB8-4065-AECA-3F461DA94848}.Release|Any CPU.ActiveCfg = Release|Any CPU
		{78FEB97D-2EB8-4065-AECA-3F461DA94848}.Release|Any CPU.Build.0 = Release|Any CPU
	EndGlobalSection
	GlobalSection(SolutionProperties) = preSolution
		HideSolutionNode = FALSE
	EndGlobalSection
	GlobalSection(ExtensibilityGlobals) = postSolution
		SolutionGuid = {3B7B975C-F428-43D2-9A8F-4D52D1235A39}
	EndGlobalSection
EndGlobal
